{
  "name": "coder-vue3-mermaid",
  "version": "1.0.9",
  "lockfileVersion": 3,
  "requires": true,
  "packages": {
    "": {
      "name": "coder-vue3-mermaid",
      "version": "1.0.9",
      "dependencies": {
        "mermaid": "^9.4.3",
        "vue": "^3.2.45"
      },
      "devDependencies": {
        "@vitejs/plugin-vue": "^4.2.1",
        "typescript": "^5.0.4",
        "vite": "^4.3.4",
        "vue-tsc": "^1.0.10"
      }
    },
    "node_modules/@babel/parser": {
      "version": "7.21.8",
      "license": "MIT",
      "bin": {
        "parser": "bin/babel-parser.js"
      },
      "engines": {
        "node": ">=6.0.0"
      }
    },
    "node_modules/@braintree/sanitize-url": {
      "version": "6.0.2",
      "license": "MIT"
    },
    "node_modules/@esbuild/win32-x64": {
      "version": "0.17.18",
      "resolved": "https://zhcoder-npm.pkg.coding.net/coder/npm-pub/__tarballs/@esbuild/win32-x64/0.17.18/__path/@esbuild/win32-x64/-/win32-x64-0.17.18/3a8e57153905308db357fd02f57c180ee3a0a1fa.tgz",
      "integrity": "sha512-qU25Ma1I3NqTSHJUOKi9sAH1/Mzuvlke0ioMJRthLXKm7JiSKVwFghlGbDLOO2sARECGhja4xYfRAZNPAkooYg==",
      "cpu": [
        "x64"
      ],
      "dev": true,
      "license": "MIT",
      "optional": true,
      "os": [
        "win32"
      ],
      "engines": {
        "node": ">=12"
      }
    },
    "node_modules/@jridgewell/sourcemap-codec": {
      "version": "1.4.15",
      "dev": true,
      "license": "MIT"
    },
    "node_modules/@vitejs/plugin-vue": {
      "version": "4.2.1",
      "resolved": "https://zhcoder-npm.pkg.coding.net/coder/npm-pub/__tarballs/@vitejs/plugin-vue/4.2.1/__path/@vitejs/plugin-vue/-/plugin-vue-4.2.1/c3ccce9956e8cdca946f465188777e4e3e488f6a.tgz",
      "integrity": "sha512-ZTZjzo7bmxTRTkb8GSTwkPOYDIP7pwuyV+RV53c9PYUouwcbkIZIvWvNWlX2b1dYZqtOv7D6iUAnJLVNGcLrSw==",
      "dev": true,
      "license": "MIT",
      "engines": {
        "node": "^14.18.0 || >=16.0.0"
      },
      "peerDependencies": {
        "vite": "^4.0.0",
        "vue": "^3.2.25"
      }
    },
    "node_modules/@volar/language-core": {
      "version": "1.4.1",
      "dev": true,
      "license": "MIT",
      "dependencies": {
        "@volar/source-map": "1.4.1"
      }
    },
    "node_modules/@volar/source-map": {
      "version": "1.4.1",
      "dev": true,
      "license": "MIT",
      "dependencies": {
        "muggle-string": "^0.2.2"
      }
    },
    "node_modules/@volar/typescript": {
      "version": "1.4.1",
      "dev": true,
      "license": "MIT",
      "dependencies": {
        "@volar/language-core": "1.4.1"
      },
      "peerDependencies": {
        "typescript": "*"
      }
    },
    "node_modules/@volar/vue-language-core": {
      "version": "1.6.4",
      "dev": true,
      "license": "MIT",
      "dependencies": {
        "@volar/language-core": "1.4.1",
        "@volar/source-map": "1.4.1",
        "@vue/compiler-dom": "^3.3.0-beta.3",
        "@vue/compiler-sfc": "^3.3.0-beta.3",
        "@vue/reactivity": "^3.3.0-beta.3",
        "@vue/shared": "^3.3.0-beta.3",
        "minimatch": "^9.0.0",
        "muggle-string": "^0.2.2",
        "vue-template-compiler": "^2.7.14"
      }
    },
    "node_modules/@volar/vue-language-core/node_modules/@vue/compiler-core": {
      "version": "3.3.0-beta.3",
      "dev": true,
      "license": "MIT",
      "dependencies": {
        "@babel/parser": "^7.21.3",
        "@vue/shared": "3.3.0-beta.3",
        "estree-walker": "^2.0.2",
        "source-map-js": "^1.0.2"
      }
    },
    "node_modules/@volar/vue-language-core/node_modules/@vue/compiler-dom": {
      "version": "3.3.0-beta.3",
      "dev": true,
      "license": "MIT",
      "dependencies": {
        "@vue/compiler-core": "3.3.0-beta.3",
        "@vue/shared": "3.3.0-beta.3"
      }
    },
    "node_modules/@volar/vue-language-core/node_modules/@vue/compiler-sfc": {
      "version": "3.3.0-beta.3",
      "dev": true,
      "license": "MIT",
      "dependencies": {
        "@babel/parser": "^7.20.15",
        "@vue/compiler-core": "3.3.0-beta.3",
        "@vue/compiler-dom": "3.3.0-beta.3",
        "@vue/compiler-ssr": "3.3.0-beta.3",
        "@vue/reactivity-transform": "3.3.0-beta.3",
        "@vue/shared": "3.3.0-beta.3",
        "estree-walker": "^2.0.2",
        "magic-string": "^0.30.0",
        "postcss": "^8.1.10",
        "source-map-js": "^1.0.2"
      }
    },
    "node_modules/@volar/vue-language-core/node_modules/@vue/compiler-sfc/node_modules/magic-string": {
      "version": "0.30.0",
      "resolved": "https://zhcoder-npm.pkg.coding.net/coder/npm-pub/__tarballs/magic-string/0.30.0/__path/magic-string/-/magic-string-0.30.0/fd58a4748c5c4547338a424e90fa5dd17f4de529.tgz",
      "integrity": "sha512-LA+31JYDJLs82r2ScLrlz1GjSgu66ZV518eyWT+S8VhyQn/JL0u9MeBOvQMGYiPk1DBiSN9DDMOcXvigJZaViQ==",
      "dev": true,
      "license": "MIT",
      "dependencies": {
        "@jridgewell/sourcemap-codec": "^1.4.13"
      },
      "engines": {
        "node": ">=12"
      }
    },
    "node_modules/@volar/vue-language-core/node_modules/@vue/compiler-ssr": {
      "version": "3.3.0-beta.3",
      "dev": true,
      "license": "MIT",
      "dependencies": {
        "@vue/compiler-dom": "3.3.0-beta.3",
        "@vue/shared": "3.3.0-beta.3"
      }
    },
    "node_modules/@volar/vue-language-core/node_modules/@vue/reactivity": {
      "version": "3.3.0-beta.3",
      "resolved": "https://zhcoder-npm.pkg.coding.net/coder/npm-pub/__tarballs/@vue/reactivity/3.3.0-beta.3/__path/@vue/reactivity/-/reactivity-3.3.0-beta.3/8f4929df4195f9d1b5a083d4c66d22932dfcc89d.tgz",
      "integrity": "sha512-9VjWfWgZJ18YXEkfnDfZr33RyLBa6zc0RARLkMqMApWvM26eusZAZ4hhyxlgODBU/mEFk4XOGIAtwwSQedA0MQ==",
      "dev": true,
      "license": "MIT",
      "dependencies": {
        "@vue/shared": "3.3.0-beta.3"
      }
    },
    "node_modules/@volar/vue-language-core/node_modules/@vue/reactivity-transform": {
      "version": "3.3.0-beta.3",
      "dev": true,
      "license": "MIT",
      "dependencies": {
        "@babel/parser": "^7.20.15",
        "@vue/compiler-core": "3.3.0-beta.3",
        "@vue/shared": "3.3.0-beta.3",
        "estree-walker": "^2.0.2",
        "magic-string": "^0.30.0"
      }
    },
    "node_modules/@volar/vue-language-core/node_modules/@vue/reactivity-transform/node_modules/magic-string": {
      "version": "0.30.0",
      "resolved": "https://zhcoder-npm.pkg.coding.net/coder/npm-pub/__tarballs/magic-string/0.30.0/__path/magic-string/-/magic-string-0.30.0/fd58a4748c5c4547338a424e90fa5dd17f4de529.tgz",
      "integrity": "sha512-LA+31JYDJLs82r2ScLrlz1GjSgu66ZV518eyWT+S8VhyQn/JL0u9MeBOvQMGYiPk1DBiSN9DDMOcXvigJZaViQ==",
      "dev": true,
      "license": "MIT",
      "dependencies": {
        "@jridgewell/sourcemap-codec": "^1.4.13"
      },
      "engines": {
        "node": ">=12"
      }
    },
    "node_modules/@volar/vue-language-core/node_modules/@vue/shared": {
      "version": "3.3.0-beta.3",
      "resolved": "https://zhcoder-npm.pkg.coding.net/coder/npm-pub/__tarballs/@vue/shared/3.3.0-beta.3/__path/@vue/shared/-/shared-3.3.0-beta.3/dc19df6124e157030b3e7c8f471f497f9528a7be.tgz",
      "integrity": "sha512-st1SnB/Bkbb9TsieeI4TRX9TqHYIR5wvIma3ZtEben55EYSWa1q5u2BhTNgABSdH+rv3Xwfrvpwh5PmCw6Y53g==",
      "dev": true,
      "license": "MIT"
    },
    "node_modules/@volar/vue-typescript": {
      "version": "1.6.4",
      "dev": true,
      "license": "MIT",
      "dependencies": {
        "@volar/typescript": "1.4.1",
        "@volar/vue-language-core": "1.6.4"
      },
      "peerDependencies": {
        "typescript": "*"
      }
    },
    "node_modules/@vue/compiler-core": {
      "version": "3.2.47",
      "license": "MIT",
      "dependencies": {
        "@babel/parser": "^7.16.4",
        "@vue/shared": "3.2.47",
        "estree-walker": "^2.0.2",
        "source-map": "^0.6.1"
      }
    },
    "node_modules/@vue/compiler-dom": {
      "version": "3.2.47",
      "license": "MIT",
      "dependencies": {
        "@vue/compiler-core": "3.2.47",
        "@vue/shared": "3.2.47"
      }
    },
    "node_modules/@vue/compiler-sfc": {
      "version": "3.2.47",
      "license": "MIT",
      "dependencies": {
        "@babel/parser": "^7.16.4",
        "@vue/compiler-core": "3.2.47",
        "@vue/compiler-dom": "3.2.47",
        "@vue/compiler-ssr": "3.2.47",
        "@vue/reactivity-transform": "3.2.47",
        "@vue/shared": "3.2.47",
        "estree-walker": "^2.0.2",
        "magic-string": "^0.25.7",
        "postcss": "^8.1.10",
        "source-map": "^0.6.1"
      }
    },
    "node_modules/@vue/compiler-ssr": {
      "version": "3.2.47",
      "license": "MIT",
      "dependencies": {
        "@vue/compiler-dom": "3.2.47",
        "@vue/shared": "3.2.47"
      }
    },
    "node_modules/@vue/reactivity": {
      "version": "3.2.47",
      "license": "MIT",
      "dependencies": {
        "@vue/shared": "3.2.47"
      }
    },
    "node_modules/@vue/reactivity-transform": {
      "version": "3.2.47",
      "license": "MIT",
      "dependencies": {
        "@babel/parser": "^7.16.4",
        "@vue/compiler-core": "3.2.47",
        "@vue/shared": "3.2.47",
        "estree-walker": "^2.0.2",
        "magic-string": "^0.25.7"
      }
    },
    "node_modules/@vue/runtime-core": {
      "version": "3.2.47",
      "license": "MIT",
      "dependencies": {
        "@vue/reactivity": "3.2.47",
        "@vue/shared": "3.2.47"
      }
    },
    "node_modules/@vue/runtime-dom": {
      "version": "3.2.47",
      "license": "MIT",
      "dependencies": {
        "@vue/runtime-core": "3.2.47",
        "@vue/shared": "3.2.47",
        "csstype": "^2.6.8"
      }
    },
    "node_modules/@vue/server-renderer": {
      "version": "3.2.47",
      "license": "MIT",
      "dependencies": {
        "@vue/compiler-ssr": "3.2.47",
        "@vue/shared": "3.2.47"
      },
      "peerDependencies": {
        "vue": "3.2.47"
      }
    },
    "node_modules/@vue/shared": {
      "version": "3.2.47",
      "license": "MIT"
    },
    "node_modules/balanced-match": {
      "version": "1.0.2",
      "dev": true,
      "license": "MIT"
    },
    "node_modules/brace-expansion": {
      "version": "2.0.1",
      "dev": true,
      "license": "MIT",
      "dependencies": {
        "balanced-match": "^1.0.0"
      }
    },
    "node_modules/commander": {
      "version": "7.2.0",
      "resolved": "https://zhcoder-npm.pkg.coding.net/coder/npm-pub/commander/-/commander-7.2.0/a36cb57d0b501ce108e4d20559a150a391d97ab7.tgz",
      "integrity": "sha512-QrWXB+ZQSVPmIWIhtEO9H+gwHaMGYiF5ChvoJ+K9ZGHG/sVsa6yiesAD1GC/x46sET00Xlwo1u49RVVVzvcSkw==",
      "license": "MIT",
      "engines": {
        "node": ">= 10"
      }
    },
    "node_modules/cose-base": {
      "version": "1.0.3",
      "license": "MIT",
      "dependencies": {
        "layout-base": "^1.0.0"
      }
    },
    "node_modules/csstype": {
      "version": "2.6.21",
      "license": "MIT"
    },
    "node_modules/cytoscape": {
      "version": "3.24.0",
      "license": "MIT",
      "dependencies": {
        "heap": "^0.2.6",
        "lodash": "^4.17.21"
      },
      "engines": {
        "node": ">=0.10"
      }
    },
    "node_modules/cytoscape-cose-bilkent": {
      "version": "4.1.0",
      "license": "MIT",
      "dependencies": {
        "cose-base": "^1.0.0"
      },
      "peerDependencies": {
        "cytoscape": "^3.2.0"
      }
    },
    "node_modules/cytoscape-fcose": {
      "version": "2.2.0",
      "license": "MIT",
      "dependencies": {
        "cose-base": "^2.2.0"
      },
      "peerDependencies": {
        "cytoscape": "^3.2.0"
      }
    },
    "node_modules/cytoscape-fcose/node_modules/cose-base": {
      "version": "2.2.0",
      "license": "MIT",
      "dependencies": {
        "layout-base": "^2.0.0"
      }
    },
    "node_modules/cytoscape-fcose/node_modules/layout-base": {
      "version": "2.0.1",
      "license": "MIT"
    },
    "node_modules/d3": {
      "version": "7.8.4",
      "resolved": "https://zhcoder-npm.pkg.coding.net/coder/npm-pub/__tarballs/d3/7.8.4/__path/d3/-/d3-7.8.4/e35d45800e4068cab07e59e5d883a4bb42ab217f.tgz",
      "integrity": "sha512-q2WHStdhiBtD8DMmhDPyJmXUxr6VWRngKyiJ5EfXMxPw+tqT6BhNjhJZ4w3BHsNm3QoVfZLY8Orq/qPFczwKRA==",
      "license": "ISC",
      "dependencies": {
        "d3-array": "3",
        "d3-axis": "3",
        "d3-brush": "3",
        "d3-chord": "3",
        "d3-color": "3",
        "d3-contour": "4",
        "d3-delaunay": "6",
        "d3-dispatch": "3",
        "d3-drag": "3",
        "d3-dsv": "3",
        "d3-ease": "3",
        "d3-fetch": "3",
        "d3-force": "3",
        "d3-format": "3",
        "d3-geo": "3",
        "d3-hierarchy": "3",
        "d3-interpolate": "3",
        "d3-path": "3",
        "d3-polygon": "3",
        "d3-quadtree": "3",
        "d3-random": "3",
        "d3-scale": "4",
        "d3-scale-chromatic": "3",
        "d3-selection": "3",
        "d3-shape": "3",
        "d3-time": "3",
        "d3-time-format": "4",
        "d3-timer": "3",
        "d3-transition": "3",
        "d3-zoom": "3"
      },
      "engines": {
        "node": ">=12"
      }
    },
    "node_modules/d3-array": {
      "version": "3.2.3",
      "resolved": "https://zhcoder-npm.pkg.coding.net/coder/npm-pub/__tarballs/d3-array/3.2.3/__path/d3-array/-/d3-array-3.2.3/39f1f4954e4a09ff69ac597c2d61906b04e84740.tgz",
      "integrity": "sha512-JRHwbQQ84XuAESWhvIPaUV4/1UYTBOLiOPGWqgFDHZS1D5QN9c57FbH3QpEnQMYiOXNzKUQyGTZf+EVO7RT5TQ==",
      "license": "ISC",
      "dependencies": {
        "internmap": "1 - 2"
      },
      "engines": {
        "node": ">=12"
      }
    },
    "node_modules/d3-axis": {
      "version": "3.0.0",
      "resolved": "https://zhcoder-npm.pkg.coding.net/coder/npm-pub/__tarballs/d3-axis/3.0.0/__path/d3-axis/-/d3-axis-3.0.0/c42a4a13e8131d637b745fc2973824cfeaf93322.tgz",
      "integrity": "sha512-IH5tgjV4jE/GhHkRV0HiVYPDtvfjHQlQfJHs0usq7M30XcSBvOotpmH1IgkcXsO/5gEQZD43B//fc7SRT5S+xw==",
      "license": "ISC",
      "engines": {
        "node": ">=12"
      }
    },
    "node_modules/d3-brush": {
      "version": "3.0.0",
      "resolved": "https://zhcoder-npm.pkg.coding.net/coder/npm-pub/__tarballs/d3-brush/3.0.0/__path/d3-brush/-/d3-brush-3.0.0/6f767c4ed8dcb79de7ede3e1c0f89e63ef64d31c.tgz",
      "integrity": "sha512-ALnjWlVYkXsVIGlOsuWH1+3udkYFI48Ljihfnh8FZPF2QS9o+PzGLBslO0PjzVoHLZ2KCVgAM8NVkXPJB2aNnQ==",
      "license": "ISC",
      "dependencies": {
        "d3-dispatch": "1 - 3",
        "d3-drag": "2 - 3",
        "d3-interpolate": "1 - 3",
        "d3-selection": "3",
        "d3-transition": "3"
      },
      "engines": {
        "node": ">=12"
      }
    },
    "node_modules/d3-chord": {
      "version": "3.0.1",
      "resolved": "https://zhcoder-npm.pkg.coding.net/coder/npm-pub/__tarballs/d3-chord/3.0.1/__path/d3-chord/-/d3-chord-3.0.1/d156d61f485fce8327e6abf339cb41d8cbba6966.tgz",
      "integrity": "sha512-VE5S6TNa+j8msksl7HwjxMHDM2yNK3XCkusIlpX5kwauBfXuyLAtNg9jCp/iHH61tgI4sb6R/EIMWCqEIdjT/g==",
      "license": "ISC",
      "dependencies": {
        "d3-path": "1 - 3"
      },
      "engines": {
        "node": ">=12"
      }
    },
    "node_modules/d3-color": {
      "version": "3.1.0",
      "resolved": "https://zhcoder-npm.pkg.coding.net/coder/npm-pub/__tarballs/d3-color/3.1.0/__path/d3-color/-/d3-color-3.1.0/395b2833dfac71507f12ac2f7af23bf819de24e2.tgz",
      "integrity": "sha512-zg/chbXyeBtMQ1LbD/WSoW2DpC3I0mpmPdW+ynRTj/x2DAWYrIY7qeZIHidozwV24m4iavr15lNwIwLxRmOxhA==",
      "license": "ISC",
      "engines": {
        "node": ">=12"
      }
    },
    "node_modules/d3-contour": {
      "version": "4.0.2",
      "resolved": "https://zhcoder-npm.pkg.coding.net/coder/npm-pub/__tarballs/d3-contour/4.0.2/__path/d3-contour/-/d3-contour-4.0.2/bb92063bc8c5663acb2422f99c73cbb6c6ae3bcc.tgz",
      "integrity": "sha512-4EzFTRIikzs47RGmdxbeUvLWtGedDUNkTcmzoeyg4sP/dvCexO47AaQL7VKy/gul85TOxw+IBgA8US2xwbToNA==",
      "license": "ISC",
      "dependencies": {
        "d3-array": "^3.2.0"
      },
      "engines": {
        "node": ">=12"
      }
    },
    "node_modules/d3-delaunay": {
      "version": "6.0.4",
      "resolved": "https://zhcoder-npm.pkg.coding.net/coder/npm-pub/__tarballs/d3-delaunay/6.0.4/__path/d3-delaunay/-/d3-delaunay-6.0.4/98169038733a0a5babbeda55054f795bb9e4a58b.tgz",
      "integrity": "sha512-mdjtIZ1XLAM8bm/hx3WwjfHt6Sggek7qH043O8KEjDXN40xi3vx/6pYSVTwLjEgiXQTbvaouWKynLBiUZ6SK6A==",
      "license": "ISC",
      "dependencies": {
        "delaunator": "5"
      },
      "engines": {
        "node": ">=12"
      }
    },
    "node_modules/d3-dispatch": {
      "version": "3.0.1",
      "resolved": "https://zhcoder-npm.pkg.coding.net/coder/npm-pub/__tarballs/d3-dispatch/3.0.1/__path/d3-dispatch/-/d3-dispatch-3.0.1/5fc75284e9c2375c36c839411a0cf550cbfc4d5e.tgz",
      "integrity": "sha512-rzUyPU/S7rwUflMyLc1ETDeBj0NRuHKKAcvukozwhshr6g6c5d8zh4c2gQjY2bZ0dXeGLWc1PF174P2tVvKhfg==",
      "license": "ISC",
      "engines": {
        "node": ">=12"
      }
    },
    "node_modules/d3-drag": {
      "version": "3.0.0",
      "resolved": "https://zhcoder-npm.pkg.coding.net/coder/npm-pub/__tarballs/d3-drag/3.0.0/__path/d3-drag/-/d3-drag-3.0.0/994aae9cd23c719f53b5e10e3a0a6108c69607ba.tgz",
      "integrity": "sha512-pWbUJLdETVA8lQNJecMxoXfH6x+mO2UQo8rSmZ+QqxcbyA3hfeprFgIT//HW2nlHChWeIIMwS2Fq+gEARkhTkg==",
      "license": "ISC",
      "dependencies": {
        "d3-dispatch": "1 - 3",
        "d3-selection": "3"
      },
      "engines": {
        "node": ">=12"
      }
    },
    "node_modules/d3-dsv": {
      "version": "3.0.1",
      "resolved": "https://zhcoder-npm.pkg.coding.net/coder/npm-pub/__tarballs/d3-dsv/3.0.1/__path/d3-dsv/-/d3-dsv-3.0.1/c63af978f4d6a0d084a52a673922be2160789b73.tgz",
      "integrity": "sha512-UG6OvdI5afDIFP9w4G0mNq50dSOsXHJaRE8arAS5o9ApWnIElp8GZw1Dun8vP8OyHOZ/QJUKUJwxiiCCnUwm+Q==",
      "license": "ISC",
      "dependencies": {
        "commander": "7",
        "iconv-lite": "0.6",
        "rw": "1"
      },
      "bin": {
        "csv2json": "bin/dsv2json.js",
        "csv2tsv": "bin/dsv2dsv.js",
        "dsv2dsv": "bin/dsv2dsv.js",
        "dsv2json": "bin/dsv2json.js",
        "json2csv": "bin/json2dsv.js",
        "json2dsv": "bin/json2dsv.js",
        "json2tsv": "bin/json2dsv.js",
        "tsv2csv": "bin/dsv2dsv.js",
        "tsv2json": "bin/dsv2json.js"
      },
      "engines": {
        "node": ">=12"
      }
    },
    "node_modules/d3-ease": {
      "version": "3.0.1",
      "resolved": "https://zhcoder-npm.pkg.coding.net/coder/npm-pub/__tarballs/d3-ease/3.0.1/__path/d3-ease/-/d3-ease-3.0.1/9658ac38a2140d59d346160f1f6c30fda0bd12f4.tgz",
      "integrity": "sha512-wR/XK3D3XcLIZwpbvQwQ5fK+8Ykds1ip7A2Txe0yxncXSdq1L9skcG7blcedkOX+ZcgxGAmLX1FrRGbADwzi0w==",
      "license": "BSD-3-Clause",
      "engines": {
        "node": ">=12"
      }
    },
    "node_modules/d3-fetch": {
      "version": "3.0.1",
      "resolved": "https://zhcoder-npm.pkg.coding.net/coder/npm-pub/__tarballs/d3-fetch/3.0.1/__path/d3-fetch/-/d3-fetch-3.0.1/83141bff9856a0edb5e38de89cdcfe63d0a60a22.tgz",
      "integrity": "sha512-kpkQIM20n3oLVBKGg6oHrUchHM3xODkTzjMoj7aWQFq5QEM+R6E4WkzT5+tojDY7yjez8KgCBRoj4aEr99Fdqw==",
      "license": "ISC",
      "dependencies": {
        "d3-dsv": "1 - 3"
      },
      "engines": {
        "node": ">=12"
      }
    },
    "node_modules/d3-force": {
      "version": "3.0.0",
      "resolved": "https://zhcoder-npm.pkg.coding.net/coder/npm-pub/__tarballs/d3-force/3.0.0/__path/d3-force/-/d3-force-3.0.0/3e2ba1a61e70888fe3d9194e30d6d14eece155c4.tgz",
      "integrity": "sha512-zxV/SsA+U4yte8051P4ECydjD/S+qeYtnaIyAs9tgHCqfguma/aAQDjo85A9Z6EKhBirHRJHXIgJUlffT4wdLg==",
      "license": "ISC",
      "dependencies": {
        "d3-dispatch": "1 - 3",
        "d3-quadtree": "1 - 3",
        "d3-timer": "1 - 3"
      },
      "engines": {
        "node": ">=12"
      }
    },
    "node_modules/d3-format": {
      "version": "3.1.0",
      "resolved": "https://zhcoder-npm.pkg.coding.net/coder/npm-pub/__tarballs/d3-format/3.1.0/__path/d3-format/-/d3-format-3.1.0/9260e23a28ea5cb109e93b21a06e24e2ebd55641.tgz",
      "integrity": "sha512-YyUI6AEuY/Wpt8KWLgZHsIU86atmikuoOmCfommt0LYHiQSPjvX2AcFc38PX0CBpr2RCyZhjex+NS/LPOv6YqA==",
      "license": "ISC",
      "engines": {
        "node": ">=12"
      }
    },
    "node_modules/d3-geo": {
      "version": "3.1.0",
      "resolved": "https://zhcoder-npm.pkg.coding.net/coder/npm-pub/__tarballs/d3-geo/3.1.0/__path/d3-geo/-/d3-geo-3.1.0/74fd54e1f4cebd5185ac2039217a98d39b0a4c0e.tgz",
      "integrity": "sha512-JEo5HxXDdDYXCaWdwLRt79y7giK8SbhZJbFWXqbRTolCHFI5jRqteLzCsq51NKbUoX0PjBVSohxrx+NoOUujYA==",
      "license": "ISC",
      "dependencies": {
        "d3-array": "2.5.0 - 3"
      },
      "engines": {
        "node": ">=12"
      }
    },
    "node_modules/d3-hierarchy": {
      "version": "3.1.2",
      "resolved": "https://zhcoder-npm.pkg.coding.net/coder/npm-pub/__tarballs/d3-hierarchy/3.1.2/__path/d3-hierarchy/-/d3-hierarchy-3.1.2/b01cd42c1eed3d46db77a5966cf726f8c09160c6.tgz",
      "integrity": "sha512-FX/9frcub54beBdugHjDCdikxThEqjnR93Qt7PvQTOHxyiNCAlvMrHhclk3cD5VeAaq9fxmfRp+CnWw9rEMBuA==",
      "license": "ISC",
      "engines": {
        "node": ">=12"
      }
    },
    "node_modules/d3-interpolate": {
      "version": "3.0.1",
      "resolved": "https://zhcoder-npm.pkg.coding.net/coder/npm-pub/__tarballs/d3-interpolate/3.0.1/__path/d3-interpolate/-/d3-interpolate-3.0.1/3c47aa5b32c5b3dfb56ef3fd4342078a632b400d.tgz",
      "integrity": "sha512-3bYs1rOD33uo8aqJfKP3JWPAibgw8Zm2+L9vBKEHJ2Rg+viTR7o5Mmv5mZcieN+FRYaAOWX5SJATX6k1PWz72g==",
      "license": "ISC",
      "dependencies": {
        "d3-color": "1 - 3"
      },
      "engines": {
        "node": ">=12"
      }
    },
    "node_modules/d3-path": {
      "version": "3.1.0",
      "resolved": "https://zhcoder-npm.pkg.coding.net/coder/npm-pub/__tarballs/d3-path/3.1.0/__path/d3-path/-/d3-path-3.1.0/22df939032fb5a71ae8b1800d61ddb7851c42526.tgz",
      "integrity": "sha512-p3KP5HCf/bvjBSSKuXid6Zqijx7wIfNW+J/maPs+iwR35at5JCbLUT0LzF1cnjbCHWhqzQTIN2Jpe8pRebIEFQ==",
      "license": "ISC",
      "engines": {
        "node": ">=12"
      }
    },
    "node_modules/d3-polygon": {
      "version": "3.0.1",
      "resolved": "https://zhcoder-npm.pkg.coding.net/coder/npm-pub/__tarballs/d3-polygon/3.0.1/__path/d3-polygon/-/d3-polygon-3.0.1/0b45d3dd1c48a29c8e057e6135693ec80bf16398.tgz",
      "integrity": "sha512-3vbA7vXYwfe1SYhED++fPUQlWSYTTGmFmQiany/gdbiWgU/iEyQzyymwL9SkJjFFuCS4902BSzewVGsHHmHtXg==",
      "license": "ISC",
      "engines": {
        "node": ">=12"
      }
    },
    "node_modules/d3-quadtree": {
      "version": "3.0.1",
      "resolved": "https://zhcoder-npm.pkg.coding.net/coder/npm-pub/__tarballs/d3-quadtree/3.0.1/__path/d3-quadtree/-/d3-quadtree-3.0.1/6dca3e8be2b393c9a9d514dabbd80a92deef1a4f.tgz",
      "integrity": "sha512-04xDrxQTDTCFwP5H6hRhsRcb9xxv2RzkcsygFzmkSIOJy3PeRJP7sNk3VRIbKXcog561P9oU0/rVH6vDROAgUw==",
      "license": "ISC",
      "engines": {
        "node": ">=12"
      }
    },
    "node_modules/d3-random": {
      "version": "3.0.1",
      "resolved": "https://zhcoder-npm.pkg.coding.net/coder/npm-pub/__tarballs/d3-random/3.0.1/__path/d3-random/-/d3-random-3.0.1/d4926378d333d9c0bfd1e6fa0194d30aebaa20f4.tgz",
      "integrity": "sha512-FXMe9GfxTxqd5D6jFsQ+DJ8BJS4E/fT5mqqdjovykEB2oFbTMDVdg1MGFxfQW+FBOGoB++k8swBrgwSHT1cUXQ==",
      "license": "ISC",
      "engines": {
        "node": ">=12"
      }
    },
    "node_modules/d3-scale": {
      "version": "4.0.2",
      "resolved": "https://zhcoder-npm.pkg.coding.net/coder/npm-pub/__tarballs/d3-scale/4.0.2/__path/d3-scale/-/d3-scale-4.0.2/82b38e8e8ff7080764f8dcec77bd4be393689396.tgz",
      "integrity": "sha512-GZW464g1SH7ag3Y7hXjf8RoUuAFIqklOAq3MRl4OaWabTFJY9PN/E1YklhXLh+OQ3fM9yS2nOkCoS+WLZ6kvxQ==",
      "license": "ISC",
      "dependencies": {
        "d3-array": "2.10.0 - 3",
        "d3-format": "1 - 3",
        "d3-interpolate": "1.2.0 - 3",
        "d3-time": "2.1.1 - 3",
        "d3-time-format": "2 - 4"
      },
      "engines": {
        "node": ">=12"
      }
    },
    "node_modules/d3-scale-chromatic": {
      "version": "3.0.0",
      "resolved": "https://zhcoder-npm.pkg.coding.net/coder/npm-pub/__tarballs/d3-scale-chromatic/3.0.0/__path/d3-scale-chromatic/-/d3-scale-chromatic-3.0.0/15b4ceb8ca2bb0dcb6d1a641ee03d59c3b62376a.tgz",
      "integrity": "sha512-Lx9thtxAKrO2Pq6OO2Ua474opeziKr279P/TKZsMAhYyNDD3EnCffdbgeSYN5O7m2ByQsxtuP2CSDczNUIZ22g==",
      "license": "ISC",
      "dependencies": {
        "d3-color": "1 - 3",
        "d3-interpolate": "1 - 3"
      },
      "engines": {
        "node": ">=12"
      }
    },
    "node_modules/d3-selection": {
      "version": "3.0.0",
      "resolved": "https://zhcoder-npm.pkg.coding.net/coder/npm-pub/__tarballs/d3-selection/3.0.0/__path/d3-selection/-/d3-selection-3.0.0/c25338207efa72cc5b9bd1458a1a41901f1e1b31.tgz",
      "integrity": "sha512-fmTRWbNMmsmWq6xJV8D19U/gw/bwrHfNXxrIN+HfZgnzqTHp9jOmKMhsTUjXOJnZOdZY9Q28y4yebKzqDKlxlQ==",
      "license": "ISC",
      "engines": {
        "node": ">=12"
      }
    },
    "node_modules/d3-shape": {
      "version": "3.2.0",
      "resolved": "https://zhcoder-npm.pkg.coding.net/coder/npm-pub/__tarballs/d3-shape/3.2.0/__path/d3-shape/-/d3-shape-3.2.0/a1a839cbd9ba45f28674c69d7f855bcf91dfc6a5.tgz",
      "integrity": "sha512-SaLBuwGm3MOViRq2ABk3eLoxwZELpH6zhl3FbAoJ7Vm1gofKx6El1Ib5z23NUEhF9AsGl7y+dzLe5Cw2AArGTA==",
      "license": "ISC",
      "dependencies": {
        "d3-path": "^3.1.0"
      },
      "engines": {
        "node": ">=12"
      }
    },
    "node_modules/d3-time": {
      "version": "3.1.0",
      "resolved": "https://zhcoder-npm.pkg.coding.net/coder/npm-pub/__tarballs/d3-time/3.1.0/__path/d3-time/-/d3-time-3.1.0/9310db56e992e3c0175e1ef385e545e48a9bb5c7.tgz",
      "integrity": "sha512-VqKjzBLejbSMT4IgbmVgDjpkYrNWUYJnbCGo874u7MMKIWsILRX+OpX/gTk8MqjpT1A/c6HY2dCA77ZN0lkQ2Q==",
      "license": "ISC",
      "dependencies": {
        "d3-array": "2 - 3"
      },
      "engines": {
        "node": ">=12"
      }
    },
    "node_modules/d3-time-format": {
      "version": "4.1.0",
      "resolved": "https://zhcoder-npm.pkg.coding.net/coder/npm-pub/__tarballs/d3-time-format/4.1.0/__path/d3-time-format/-/d3-time-format-4.1.0/7ab5257a5041d11ecb4fe70a5c7d16a195bb408a.tgz",
      "integrity": "sha512-dJxPBlzC7NugB2PDLwo9Q8JiTR3M3e4/XANkreKSUxF8vvXKqm1Yfq4Q5dl8budlunRVlUUaDUgFt7eA8D6NLg==",
      "license": "ISC",
      "dependencies": {
        "d3-time": "1 - 3"
      },
      "engines": {
        "node": ">=12"
      }
    },
    "node_modules/d3-timer": {
      "version": "3.0.1",
      "resolved": "https://zhcoder-npm.pkg.coding.net/coder/npm-pub/__tarballs/d3-timer/3.0.1/__path/d3-timer/-/d3-timer-3.0.1/6284d2a2708285b1abb7e201eda4380af35e63b0.tgz",
      "integrity": "sha512-ndfJ/JxxMd3nw31uyKoY2naivF+r29V+Lc0svZxe1JvvIRmi8hUsrMvdOwgS1o6uBHmiz91geQ0ylPP0aj1VUA==",
      "license": "ISC",
      "engines": {
        "node": ">=12"
      }
    },
    "node_modules/d3-transition": {
      "version": "3.0.1",
      "resolved": "https://zhcoder-npm.pkg.coding.net/coder/npm-pub/__tarballs/d3-transition/3.0.1/__path/d3-transition/-/d3-transition-3.0.1/6869fdde1448868077fdd5989200cb61b2a1645f.tgz",
      "integrity": "sha512-ApKvfjsSR6tg06xrL434C0WydLr7JewBB3V+/39RMHsaXTOG0zmt/OAXeng5M5LBm0ojmxJrpomQVZ1aPvBL4w==",
      "license": "ISC",
      "dependencies": {
        "d3-color": "1 - 3",
        "d3-dispatch": "1 - 3",
        "d3-ease": "1 - 3",
        "d3-interpolate": "1 - 3",
        "d3-timer": "1 - 3"
      },
      "engines": {
        "node": ">=12"
      },
      "peerDependencies": {
        "d3-selection": "2 - 3"
      }
    },
    "node_modules/d3-zoom": {
      "version": "3.0.0",
      "resolved": "https://zhcoder-npm.pkg.coding.net/coder/npm-pub/__tarballs/d3-zoom/3.0.0/__path/d3-zoom/-/d3-zoom-3.0.0/d13f4165c73217ffeaa54295cd6969b3e7aee8f3.tgz",
      "integrity": "sha512-b8AmV3kfQaqWAuacbPuNbL6vahnOJflOhexLzMMNLga62+/nh0JzvJ0aO/5a5MVgUFGS7Hu1P9P03o3fJkDCyw==",
      "license": "ISC",
      "dependencies": {
        "d3-dispatch": "1 - 3",
        "d3-drag": "2 - 3",
        "d3-interpolate": "1 - 3",
        "d3-selection": "2 - 3",
        "d3-transition": "2 - 3"
      },
      "engines": {
        "node": ">=12"
      }
    },
    "node_modules/dagre-d3-es": {
      "version": "7.0.9",
      "resolved": "https://zhcoder-npm.pkg.coding.net/coder/npm-pub/__tarballs/dagre-d3-es/7.0.9/__path/dagre-d3-es/-/dagre-d3-es-7.0.9/aca12fccd9d09955a4430029ba72ee6934542a8d.tgz",
      "integrity": "sha512-rYR4QfVmy+sR44IBDvVtcAmOReGBvRCWDpO2QjYwqgh9yijw6eSHBqaPG/LIOEy7aBsniLvtMW6pg19qJhq60w==",
      "license": "MIT",
      "dependencies": {
        "d3": "^7.8.2",
        "lodash-es": "^4.17.21"
      }
    },
    "node_modules/dayjs": {
      "version": "1.11.7",
      "license": "MIT"
    },
    "node_modules/de-indent": {
      "version": "1.0.2",
      "dev": true,
      "license": "MIT"
    },
    "node_modules/delaunator": {
      "version": "5.0.0",
      "resolved": "https://zhcoder-npm.pkg.coding.net/coder/npm-pub/__tarballs/delaunator/5.0.0/__path/delaunator/-/delaunator-5.0.0/60f052b28bd91c9b4566850ebf7756efe821d81b.tgz",
      "integrity": "sha512-AyLvtyJdbv/U1GkiS6gUUzclRoAY4Gs75qkMygJJhU75LW4DNuSF2RMzpxs9jw9Oz1BobHjTdkG3zdP55VxAqw==",
      "license": "ISC",
      "dependencies": {
        "robust-predicates": "^3.0.0"
      }
    },
    "node_modules/dompurify": {
      "version": "2.4.3",
      "resolved": "https://zhcoder-npm.pkg.coding.net/coder/npm-pub/__tarballs/dompurify/2.4.3/__path/dompurify/-/dompurify-2.4.3/f4133af0e6a50297fc8874e2eaedc13a3c308c03.tgz",
      "integrity": "sha512-q6QaLcakcRjebxjg8/+NP+h0rPfatOgOzc46Fst9VAA3jF2ApfKBNKMzdP4DYTqtUMXSCd5pRS/8Po/OmoCHZQ==",
      "license": "(MPL-2.0 OR Apache-2.0)"
    },
    "node_modules/elkjs": {
      "version": "0.8.2",
      "license": "EPL-2.0"
    },
    "node_modules/esbuild": {
      "version": "0.17.18",
      "resolved": "https://zhcoder-npm.pkg.coding.net/coder/npm-pub/__tarballs/esbuild/0.17.18/__path/esbuild/-/esbuild-0.17.18/f4f8eb6d77384d68cd71c53eb6601c7efe05e746.tgz",
      "integrity": "sha512-z1lix43jBs6UKjcZVKOw2xx69ffE2aG0PygLL5qJ9OS/gy0Ewd1gW/PUQIOIQGXBHWNywSc0floSKoMFF8aK2w==",
      "dev": true,
      "hasInstallScript": true,
      "license": "MIT",
      "bin": {
        "esbuild": "bin/esbuild"
      },
      "engines": {
        "node": ">=12"
      },
      "optionalDependencies": {
        "@esbuild/android-arm": "0.17.18",
        "@esbuild/android-arm64": "0.17.18",
        "@esbuild/android-x64": "0.17.18",
        "@esbuild/darwin-arm64": "0.17.18",
        "@esbuild/darwin-x64": "0.17.18",
        "@esbuild/freebsd-arm64": "0.17.18",
        "@esbuild/freebsd-x64": "0.17.18",
        "@esbuild/linux-arm": "0.17.18",
        "@esbuild/linux-arm64": "0.17.18",
        "@esbuild/linux-ia32": "0.17.18",
        "@esbuild/linux-loong64": "0.17.18",
        "@esbuild/linux-mips64el": "0.17.18",
        "@esbuild/linux-ppc64": "0.17.18",
        "@esbuild/linux-riscv64": "0.17.18",
        "@esbuild/linux-s390x": "0.17.18",
        "@esbuild/linux-x64": "0.17.18",
        "@esbuild/netbsd-x64": "0.17.18",
        "@esbuild/openbsd-x64": "0.17.18",
        "@esbuild/sunos-x64": "0.17.18",
        "@esbuild/win32-arm64": "0.17.18",
        "@esbuild/win32-ia32": "0.17.18",
        "@esbuild/win32-x64": "0.17.18"
      }
    },
    "node_modules/estree-walker": {
      "version": "2.0.2",
      "license": "MIT"
    },
    "node_modules/he": {
      "version": "1.2.0",
      "dev": true,
      "license": "MIT",
      "bin": {
        "he": "bin/he"
      }
    },
    "node_modules/heap": {
      "version": "0.2.7",
      "license": "MIT"
    },
    "node_modules/iconv-lite": {
      "version": "0.6.3",
      "resolved": "https://zhcoder-npm.pkg.coding.net/coder/npm-pub/__tarballs/iconv-lite/0.6.3/__path/iconv-lite/-/iconv-lite-0.6.3/a52f80bf38da1952eb5c681790719871a1a72501.tgz",
      "integrity": "sha512-4fCk79wshMdzMp2rH06qWrJE4iolqLhCUH+OiuIgU++RB0+94NlDL81atO7GX55uUKueo0txHNtvEyI6D7WdMw==",
      "license": "MIT",
      "dependencies": {
        "safer-buffer": ">= 2.1.2 < 3.0.0"
      },
      "engines": {
        "node": ">=0.10.0"
      }
    },
    "node_modules/internmap": {
      "version": "2.0.3",
      "resolved": "https://zhcoder-npm.pkg.coding.net/coder/npm-pub/__tarballs/internmap/2.0.3/__path/internmap/-/internmap-2.0.3/6685f23755e43c524e251d29cbc97248e3061009.tgz",
      "integrity": "sha512-5Hh7Y1wQbvY5ooGgPbDaL5iYLAPzMTUrjMulskHLH6wnv/A+1q5rgEaiuqEjB+oxGXIVZs1FF+R/KPN3ZSQYYg==",
      "license": "ISC",
      "engines": {
        "node": ">=12"
      }
    },
    "node_modules/khroma": {
      "version": "2.0.0"
    },
    "node_modules/layout-base": {
      "version": "1.0.2",
      "license": "MIT"
    },
    "node_modules/lodash": {
      "version": "4.17.21",
      "license": "MIT"
    },
    "node_modules/lodash-es": {
      "version": "4.17.21",
      "resolved": "https://zhcoder-npm.pkg.coding.net/coder/npm-pub/lodash-es/-/lodash-es-4.17.21/43e626c46e6591b7750beb2b50117390c609e3ee.tgz",
      "integrity": "sha512-mKnC+QJ9pWVzv+C4/U3rRsHapFfHvQFoFB92e52xeyGMcX6/OlIl78je1u8vePzYZSkkogMPJ2yjxxsb89cxyw==",
      "license": "MIT"
    },
    "node_modules/lru-cache": {
      "version": "6.0.0",
      "dev": true,
      "license": "ISC",
      "dependencies": {
        "yallist": "^4.0.0"
      },
      "engines": {
        "node": ">=10"
      }
    },
    "node_modules/magic-string": {
      "version": "0.25.9",
      "license": "MIT",
      "dependencies": {
        "sourcemap-codec": "^1.4.8"
      }
    },
    "node_modules/mermaid": {
      "version": "9.4.3",
      "resolved": "https://zhcoder-npm.pkg.coding.net/coder/npm-pub/__tarballs/mermaid/9.4.3/__path/mermaid/-/mermaid-9.4.3/62cf210c246b74972ea98c19837519b6f03427f2.tgz",
      "integrity": "sha512-TLkQEtqhRSuEHSE34lh5bCa94KATCyluAXmFnNI2PRZwOpXFeqiJWwZl+d2CcemE1RS6QbbueSSq9QIg8Uxcyw==",
      "license": "MIT",
      "dependencies": {
        "@braintree/sanitize-url": "^6.0.0",
        "cytoscape": "^3.23.0",
        "cytoscape-cose-bilkent": "^4.1.0",
        "cytoscape-fcose": "^2.1.0",
        "d3": "^7.4.0",
        "dagre-d3-es": "7.0.9",
        "dayjs": "^1.11.7",
        "dompurify": "2.4.3",
        "elkjs": "^0.8.2",
        "khroma": "^2.0.0",
        "lodash-es": "^4.17.21",
        "non-layered-tidy-tree-layout": "^2.0.2",
        "stylis": "^4.1.2",
        "ts-dedent": "^2.2.0",
        "uuid": "^9.0.0",
        "web-worker": "^1.2.0"
      }
    },
    "node_modules/minimatch": {
      "version": "9.0.0",
      "dev": true,
      "license": "ISC",
      "dependencies": {
        "brace-expansion": "^2.0.1"
      },
      "engines": {
        "node": ">=16 || 14 >=14.17"
      },
      "funding": {
        "url": "https://github.com/sponsors/isaacs"
      }
    },
    "node_modules/muggle-string": {
      "version": "0.2.2",
      "dev": true,
      "license": "MIT"
    },
    "node_modules/nanoid": {
      "version": "3.3.6",
      "funding": [
        {
          "type": "github",
          "url": "https://github.com/sponsors/ai"
        }
      ],
      "license": "MIT",
      "bin": {
        "nanoid": "bin/nanoid.cjs"
      },
      "engines": {
        "node": "^10 || ^12 || ^13.7 || ^14 || >=15.0.1"
      }
    },
    "node_modules/non-layered-tidy-tree-layout": {
      "version": "2.0.2",
      "license": "MIT"
    },
    "node_modules/picocolors": {
      "version": "1.0.0",
      "license": "ISC"
    },
    "node_modules/postcss": {
      "version": "8.4.23",
      "funding": [
        {
          "type": "opencollective",
          "url": "https://opencollective.com/postcss/"
        },
        {
          "type": "tidelift",
          "url": "https://tidelift.com/funding/github/npm/postcss"
        },
        {
          "type": "github",
          "url": "https://github.com/sponsors/ai"
        }
      ],
      "license": "MIT",
      "dependencies": {
        "nanoid": "^3.3.6",
        "picocolors": "^1.0.0",
        "source-map-js": "^1.0.2"
      },
      "engines": {
        "node": "^10 || ^12 || >=14"
      }
    },
    "node_modules/robust-predicates": {
      "version": "3.0.1",
      "resolved": "https://zhcoder-npm.pkg.coding.net/coder/npm-pub/__tarballs/robust-predicates/3.0.1/__path/robust-predicates/-/robust-predicates-3.0.1/ecde075044f7f30118682bd9fb3f123109577f9a.tgz",
      "integrity": "sha512-ndEIpszUHiG4HtDsQLeIuMvRsDnn8c8rYStabochtUeCvfuvNptb5TUbVD68LRAILPX7p9nqQGh4xJgn3EHS/g==",
      "license": "Unlicense"
    },
    "node_modules/rollup": {
      "version": "3.21.4",
      "resolved": "https://zhcoder-npm.pkg.coding.net/coder/npm-pub/__tarballs/rollup/3.21.4/__path/rollup/-/rollup-3.21.4/61af40f1d48d0d04fb20114af73db7367f7151fa.tgz",
      "integrity": "sha512-N5LxpvDolOm9ueiCp4NfB80omMDqb45ShtsQw2+OT3f11uJ197dv703NZvznYHP6RWR85wfxanXurXKG3ux2GQ==",
      "dev": true,
      "license": "MIT",
      "bin": {
        "rollup": "dist/bin/rollup"
      },
      "engines": {
        "node": ">=14.18.0",
        "npm": ">=8.0.0"
      },
      "optionalDependencies": {
        "fsevents": "~2.3.2"
      }
    },
    "node_modules/rw": {
      "version": "1.3.3",
      "resolved": "https://zhcoder-npm.pkg.coding.net/coder/npm-pub/__tarballs/rw/1.3.3/__path/rw/-/rw-1.3.3/3f862dfa91ab766b14885ef4d01124bfda074fb4.tgz",
      "integrity": "sha512-PdhdWy89SiZogBLaw42zdeqtRJ//zFd2PgQavcICDUgJT5oW10QCRKbJ6bg4r0/UY2M6BWd5tkxuGFRvCkgfHQ==",
      "license": "BSD-3-Clause"
    },
    "node_modules/safer-buffer": {
      "version": "2.1.2",
      "resolved": "https://zhcoder-npm.pkg.coding.net/coder/npm-pub/safer-buffer/-/safer-buffer-2.1.2/44fa161b0187b9549dd84bb91802f9bd8385cd6a.tgz",
      "integrity": "sha512-YZo3K82SD7Riyi0E1EQPojLz7kpepnSQI9IyPbHHg1XXXevb5dJI7tpyN2ADxGcQbHG7vcyRHk0cbwqcQriUtg==",
      "license": "MIT"
    },
    "node_modules/semver": {
      "version": "7.5.0",
      "dev": true,
      "license": "ISC",
      "dependencies": {
        "lru-cache": "^6.0.0"
      },
      "bin": {
        "semver": "bin/semver.js"
      },
      "engines": {
        "node": ">=10"
      }
    },
    "node_modules/source-map": {
      "version": "0.6.1",
      "license": "BSD-3-Clause",
      "engines": {
        "node": ">=0.10.0"
      }
    },
    "node_modules/source-map-js": {
      "version": "1.0.2",
      "license": "BSD-3-Clause",
      "engines": {
        "node": ">=0.10.0"
      }
    },
    "node_modules/sourcemap-codec": {
      "version": "1.4.8",
      "license": "MIT"
    },
    "node_modules/stylis": {
      "version": "4.1.4",
      "license": "MIT"
    },
    "node_modules/ts-dedent": {
      "version": "2.2.0",
      "license": "MIT",
      "engines": {
        "node": ">=6.10"
      }
    },
    "node_modules/typescript": {
      "version": "5.0.4",
      "resolved": "https://zhcoder-npm.pkg.coding.net/coder/npm-pub/__tarballs/typescript/5.0.4/__path/typescript/-/typescript-5.0.4/b217fd20119bd61a94d4011274e0ab369058da3b.tgz",
      "integrity": "sha512-cW9T5W9xY37cc+jfEnaUvX91foxtHkza3Nw3wkoF4sSlKn0MONdkdEndig/qPBWXNkmplh3NzayQzCiHM4/hqw==",
      "dev": true,
      "license": "Apache-2.0",
      "bin": {
        "tsc": "bin/tsc",
        "tsserver": "bin/tsserver"
      },
      "engines": {
        "node": ">=12.20"
      }
    },
    "node_modules/uuid": {
      "version": "9.0.0",
      "license": "MIT",
      "bin": {
        "uuid": "dist/bin/uuid"
      }
    },
    "node_modules/vite": {
      "version": "4.3.4",
      "resolved": "https://zhcoder-npm.pkg.coding.net/coder/npm-pub/__tarballs/vite/4.3.4/__path/vite/-/vite-4.3.4/1c518d763d5a700d890c3a19ab59220f06e7a7d5.tgz",
      "integrity": "sha512-f90aqGBoxSFxWph2b39ae2uHAxm5jFBBdnfueNxZAT1FTpM13ccFQExCaKbR2xFW5atowjleRniQ7onjJ22QEg==",
      "dev": true,
      "license": "MIT",
      "dependencies": {
        "esbuild": "^0.17.5",
        "postcss": "^8.4.23",
        "rollup": "^3.21.0"
      },
      "bin": {
        "vite": "bin/vite.js"
      },
      "engines": {
        "node": "^14.18.0 || >=16.0.0"
      },
      "optionalDependencies": {
        "fsevents": "~2.3.2"
      },
      "peerDependencies": {
        "@types/node": ">= 14",
        "less": "*",
        "sass": "*",
        "stylus": "*",
        "sugarss": "*",
        "terser": "^5.4.0"
      },
      "peerDependenciesMeta": {
        "@types/node": {
          "optional": true
        },
        "less": {
          "optional": true
        },
        "sass": {
          "optional": true
        },
        "stylus": {
          "optional": true
        },
        "sugarss": {
          "optional": true
        },
        "terser": {
          "optional": true
        }
      }
    },
    "node_modules/vue": {
      "version": "3.2.47",
      "license": "MIT",
      "dependencies": {
        "@vue/compiler-dom": "3.2.47",
        "@vue/compiler-sfc": "3.2.47",
        "@vue/runtime-dom": "3.2.47",
        "@vue/server-renderer": "3.2.47",
        "@vue/shared": "3.2.47"
      }
    },
    "node_modules/vue-template-compiler": {
      "version": "2.7.14",
      "dev": true,
      "license": "MIT",
      "dependencies": {
        "de-indent": "^1.0.2",
        "he": "^1.2.0"
      }
    },
    "node_modules/vue-tsc": {
      "version": "1.6.4",
      "dev": true,
      "license": "MIT",
      "dependencies": {
        "@volar/vue-language-core": "1.6.4",
        "@volar/vue-typescript": "1.6.4",
        "semver": "^7.3.8"
      },
      "bin": {
        "vue-tsc": "bin/vue-tsc.js"
      },
      "peerDependencies": {
        "typescript": "*"
      }
    },
    "node_modules/web-worker": {
      "version": "1.2.0",
      "license": "Apache-2.0"
    },
    "node_modules/yallist": {
      "version": "4.0.0",
      "dev": true,
      "license": "ISC"
    }
  }
}
